// !$*UTF8*$!
{
	archiveVersion = 1;
	classes = {
	};
	objectVersion = 50;
	objects = {

/* Begin PBXBuildFile section */
		0948955923348A5F00802E2D /* b.jpg in Resources */ = {isa = PBXBuildFile; fileRef = 0948955823348A5F00802E2D /* b.jpg */; };
		0948955D23348B5500802E2D /* fwbundle.bundle in Resources */ = {isa = PBXBuildFile; fileRef = 0948955C23348B5500802E2D /* fwbundle.bundle */; };
		0961F89F22A4BFC300F804C7 /* testfwstatic.framework in Frameworks */ = {isa = PBXBuildFile; fileRef = 0961F89522A4BFC300F804C7 /* testfwstatic.framework */; };
		0961F8A422A4BFC300F804C7 /* testfwstaticTests.m in Sources */ = {isa = PBXBuildFile; fileRef = 0961F8A322A4BFC300F804C7 /* testfwstaticTests.m */; };
		09F8246622A4F5FE008D48DF /* testFWStatic.m in Sources */ = {isa = PBXBuildFile; fileRef = 0961F8B222A4C2F900F804C7 /* testFWStatic.m */; };
		09F8246822A4F672008D48DF /* testFWStatic.h in Headers */ = {isa = PBXBuildFile; fileRef = 0961F8B122A4C2F900F804C7 /* testFWStatic.h */; settings = {ATTRIBUTES = (Public, ); }; };
		09F8246B22A4F768008D48DF /* libteststaticlib.a in Frameworks */ = {isa = PBXBuildFile; fileRef = 09F8246A22A4F768008D48DF /* libteststaticlib.a */; };
		09F8246D22A4F787008D48DF /* Teststaticlib.h in Headers */ = {isa = PBXBuildFile; fileRef = 09F8246C22A4F787008D48DF /* Teststaticlib.h */; settings = {ATTRIBUTES = (Public, ); }; };
/* End PBXBuildFile section */

/* Begin PBXContainerItemProxy section */
		0961F8A022A4BFC300F804C7 /* PBXContainerItemProxy */ = {
			isa = PBXContainerItemProxy;
			containerPortal = 0961F88C22A4BFC300F804C7 /* Project object */;
			proxyType = 1;
			remoteGlobalIDString = 0961F89422A4BFC300F804C7;
			remoteInfo = testfwstatic;
		};
/* End PBXContainerItemProxy section */

/* Begin PBXFileReference section */
		0948954F23348A0300802E2D /* fwbundle.bundle */ = {isa = PBXFileReference; explicitFileType = wrapper.cfbundle; includeInIndex = 0; path = fwbundle.bundle; sourceTree = BUILT_PRODUCTS_DIR; };
		0948955823348A5F00802E2D /* b.jpg */ = {isa = PBXFileReference; lastKnownFileType = image.jpeg; path = b.jpg; sourceTree = "<group>"; };
		0948955C23348B5500802E2D /* fwbundle.bundle */ = {isa = PBXFileReference; lastKnownFileType = "wrapper.plug-in"; path = fwbundle.bundle; sourceTree = "<group>"; };
		0961F89522A4BFC300F804C7 /* testfwstatic.framework */ = {isa = PBXFileReference; explicitFileType = wrapper.framework; includeInIndex = 0; path = testfwstatic.framework; sourceTree = BUILT_PRODUCTS_DIR; };
		0961F89922A4BFC300F804C7 /* Info.plist */ = {isa = PBXFileReference; lastKnownFileType = text.plist.xml; path = Info.plist; sourceTree = "<group>"; };
		0961F89E22A4BFC300F804C7 /* testfwstaticTests.xctest */ = {isa = PBXFileReference; explicitFileType = wrapper.cfbundle; includeInIndex = 0; path = testfwstaticTests.xctest; sourceTree = BUILT_PRODUCTS_DIR; };
		0961F8A322A4BFC300F804C7 /* testfwstaticTests.m */ = {isa = PBXFileReference; lastKnownFileType = sourcecode.c.objc; path = testfwstaticTests.m; sourceTree = "<group>"; };
		0961F8A522A4BFC300F804C7 /* Info.plist */ = {isa = PBXFileReference; lastKnownFileType = text.plist.xml; path = Info.plist; sourceTree = "<group>"; };
		0961F8B122A4C2F900F804C7 /* testFWStatic.h */ = {isa = PBXFileReference; lastKnownFileType = sourcecode.c.h; path = testFWStatic.h; sourceTree = "<group>"; };
		0961F8B222A4C2F900F804C7 /* testFWStatic.m */ = {isa = PBXFileReference; lastKnownFileType = sourcecode.c.objc; path = testFWStatic.m; sourceTree = "<group>"; };
		09EA78E322AA09F800B2D688 /* sQQTests.xctest */ = {isa = PBXFileReference; explicitFileType = wrapper.cfbundle; includeInIndex = 0; path = sQQTests.xctest; sourceTree = BUILT_PRODUCTS_DIR; };
		09EA78EE22AA09F800B2D688 /* sQQUITests.xctest */ = {isa = PBXFileReference; explicitFileType = wrapper.cfbundle; includeInIndex = 0; path = sQQUITests.xctest; sourceTree = BUILT_PRODUCTS_DIR; };
		09F8246A22A4F768008D48DF /* libteststaticlib.a */ = {isa = PBXFileReference; explicitFileType = archive.ar; path = libteststaticlib.a; sourceTree = BUILT_PRODUCTS_DIR; };
		09F8246C22A4F787008D48DF /* Teststaticlib.h */ = {isa = PBXFileReference; fileEncoding = 4; lastKnownFileType = sourcecode.c.h; name = Teststaticlib.h; path = ../../teststaticlib/teststaticlib/Teststaticlib.h; sourceTree = "<group>"; };
/* End PBXFileReference section */

/* Begin PBXFrameworksBuildPhase section */
		0948954C23348A0300802E2D /* Frameworks */ = {
			isa = PBXFrameworksBuildPhase;
			buildActionMask = 2147483647;
			files = (
			);
			runOnlyForDeploymentPostprocessing = 0;
		};
		0961F89222A4BFC300F804C7 /* Frameworks */ = {
			isa = PBXFrameworksBuildPhase;
			buildActionMask = 2147483647;
			files = (
				09F8246B22A4F768008D48DF /* libteststaticlib.a in Frameworks */,
			);
			runOnlyForDeploymentPostprocessing = 0;
		};
		0961F89B22A4BFC300F804C7 /* Frameworks */ = {
			isa = PBXFrameworksBuildPhase;
			buildActionMask = 2147483647;
			files = (
				0961F89F22A4BFC300F804C7 /* testfwstatic.framework in Frameworks */,
			);
			runOnlyForDeploymentPostprocessing = 0;
		};
		09EA78E022AA09F800B2D688 /* Frameworks */ = {
			isa = PBXFrameworksBuildPhase;
			buildActionMask = 2147483647;
			files = (
			);
			runOnlyForDeploymentPostprocessing = 0;
		};
		09EA78EB22AA09F800B2D688 /* Frameworks */ = {
			isa = PBXFrameworksBuildPhase;
			buildActionMask = 2147483647;
			files = (
			);
			runOnlyForDeploymentPostprocessing = 0;
		};
/* End PBXFrameworksBuildPhase section */

/* Begin PBXGroup section */
		0961F88B22A4BFC300F804C7 = {
			isa = PBXGroup;
			children = (
				0948955C23348B5500802E2D /* fwbundle.bundle */,
				0948955823348A5F00802E2D /* b.jpg */,
				0961F89722A4BFC300F804C7 /* testfwstatic */,
				0961F8A222A4BFC300F804C7 /* testfwstaticTests */,
				0961F89622A4BFC300F804C7 /* Products */,
				09F8246922A4F768008D48DF /* Frameworks */,
			);
			sourceTree = "<group>";
		};
		0961F89622A4BFC300F804C7 /* Products */ = {
			isa = PBXGroup;
			children = (
				0961F89522A4BFC300F804C7 /* testfwstatic.framework */,
				0961F89E22A4BFC300F804C7 /* testfwstaticTests.xctest */,
				09EA78E322AA09F800B2D688 /* sQQTests.xctest */,
				09EA78EE22AA09F800B2D688 /* sQQUITests.xctest */,
				0948954F23348A0300802E2D /* fwbundle.bundle */,
			);
			name = Products;
			sourceTree = "<group>";
		};
		0961F89722A4BFC300F804C7 /* testfwstatic */ = {
			isa = PBXGroup;
			children = (
				09F8246C22A4F787008D48DF /* Teststaticlib.h */,
				0961F89922A4BFC300F804C7 /* Info.plist */,
				0961F8B122A4C2F900F804C7 /* testFWStatic.h */,
				0961F8B222A4C2F900F804C7 /* testFWStatic.m */,
			);
			path = testfwstatic;
			sourceTree = "<group>";
		};
		0961F8A222A4BFC300F804C7 /* testfwstaticTests */ = {
			isa = PBXGroup;
			children = (
				0961F8A322A4BFC300F804C7 /* testfwstaticTests.m */,
				0961F8A522A4BFC300F804C7 /* Info.plist */,
			);
			path = testfwstaticTests;
			sourceTree = "<group>";
		};
		09F8246922A4F768008D48DF /* Frameworks */ = {
			isa = PBXGroup;
			children = (
				09F8246A22A4F768008D48DF /* libteststaticlib.a */,
			);
			name = Frameworks;
			sourceTree = "<group>";
		};
/* End PBXGroup section */

/* Begin PBXHeadersBuildPhase section */
		0961F89022A4BFC300F804C7 /* Headers */ = {
			isa = PBXHeadersBuildPhase;
			buildActionMask = 2147483647;
			files = (
				09F8246D22A4F787008D48DF /* Teststaticlib.h in Headers */,
				09F8246822A4F672008D48DF /* testFWStatic.h in Headers */,
			);
			runOnlyForDeploymentPostprocessing = 0;
		};
/* End PBXHeadersBuildPhase section */

/* Begin PBXNativeTarget section */
		0948954E23348A0300802E2D /* fwbundle */ = {
			isa = PBXNativeTarget;
			buildConfigurationList = 0948955223348A0300802E2D /* Build configuration list for PBXNativeTarget "fwbundle" */;
			buildPhases = (
				0948954B23348A0300802E2D /* Sources */,
				0948954C23348A0300802E2D /* Frameworks */,
				0948954D23348A0300802E2D /* Resources */,
			);
			buildRules = (
			);
			dependencies = (
			);
			name = fwbundle;
			productName = fwbundle;
			productReference = 0948954F23348A0300802E2D /* fwbundle.bundle */;
			productType = "com.apple.product-type.bundle";
		};
		0961F89422A4BFC300F804C7 /* testfwstatic */ = {
			isa = PBXNativeTarget;
			buildConfigurationList = 0961F8A922A4BFC300F804C7 /* Build configuration list for PBXNativeTarget "testfwstatic" */;
			buildPhases = (
				0961F89022A4BFC300F804C7 /* Headers */,
				0961F89122A4BFC300F804C7 /* Sources */,
				0961F89322A4BFC300F804C7 /* Resources */,
				0961F89222A4BFC300F804C7 /* Frameworks */,
			);
			buildRules = (
			);
			dependencies = (
			);
			name = testfwstatic;
			productName = testfwstatic;
			productReference = 0961F89522A4BFC300F804C7 /* testfwstatic.framework */;
			productType = "com.apple.product-type.framework";
		};
		0961F89D22A4BFC300F804C7 /* testfwstaticTests */ = {
			isa = PBXNativeTarget;
			buildConfigurationList = 0961F8AC22A4BFC300F804C7 /* Build configuration list for PBXNativeTarget "testfwstaticTests" */;
			buildPhases = (
				0961F89A22A4BFC300F804C7 /* Sources */,
				0961F89B22A4BFC300F804C7 /* Frameworks */,
				0961F89C22A4BFC300F804C7 /* Resources */,
			);
			buildRules = (
			);
			dependencies = (
				0961F8A122A4BFC300F804C7 /* PBXTargetDependency */,
			);
			name = testfwstaticTests;
			productName = testfwstaticTests;
			productReference = 0961F89E22A4BFC300F804C7 /* testfwstaticTests.xctest */;
			productType = "com.apple.product-type.bundle.unit-test";
		};
		09EA78E222AA09F800B2D688 /* sQQTests */ = {
			isa = PBXNativeTarget;
			buildConfigurationList = 09EA78FC22AA09F800B2D688 /* Build configuration list for PBXNativeTarget "sQQTests" */;
			buildPhases = (
				09EA78DF22AA09F800B2D688 /* Sources */,
				09EA78E022AA09F800B2D688 /* Frameworks */,
				09EA78E122AA09F800B2D688 /* Resources */,
			);
			buildRules = (
			);
			dependencies = (
			);
			name = sQQTests;
			productName = sQQTests;
			productReference = 09EA78E322AA09F800B2D688 /* sQQTests.xctest */;
			productType = "com.apple.product-type.bundle.unit-test";
		};
		09EA78ED22AA09F800B2D688 /* sQQUITests */ = {
			isa = PBXNativeTarget;
			buildConfigurationList = 09EA78FD22AA09F800B2D688 /* Build configuration list for PBXNativeTarget "sQQUITests" */;
			buildPhases = (
				09EA78EA22AA09F800B2D688 /* Sources */,
				09EA78EB22AA09F800B2D688 /* Frameworks */,
				09EA78EC22AA09F800B2D688 /* Resources */,
			);
			buildRules = (
			);
			dependencies = (
			);
			name = sQQUITests;
			productName = sQQUITests;
			productReference = 09EA78EE22AA09F800B2D688 /* sQQUITests.xctest */;
			productType = "com.apple.product-type.bundle.ui-testing";
		};
/* End PBXNativeTarget section */

/* Begin PBXProject section */
		0961F88C22A4BFC300F804C7 /* Project object */ = {
			isa = PBXProject;
			attributes = {
				DefaultBuildSystemTypeForWorkspace = Original;
				LastUpgradeCheck = 1020;
				ORGANIZATIONNAME = chengjian;
				TargetAttributes = {
					0948954E23348A0300802E2D = {
						CreatedOnToolsVersion = 11.0;
					};
					0961F89422A4BFC300F804C7 = {
						CreatedOnToolsVersion = 10.2.1;
					};
					0961F89D22A4BFC300F804C7 = {
						CreatedOnToolsVersion = 10.2.1;
					};
					09EA78E222AA09F800B2D688 = {
						CreatedOnToolsVersion = 10.2.1;
						TestTargetID = 09EA78CB22AA09F500B2D688;
					};
					09EA78ED22AA09F800B2D688 = {
						CreatedOnToolsVersion = 10.2.1;
						TestTargetID = 09EA78CB22AA09F500B2D688;
					};
				};
			};
			buildConfigurationList = 0961F88F22A4BFC300F804C7 /* Build configuration list for PBXProject "testfwstatic" */;
			compatibilityVersion = "Xcode 9.3";
			developmentRegion = en;
			hasScannedForEncodings = 0;
			knownRegions = (
				en,
				Base,
			);
			mainGroup = 0961F88B22A4BFC300F804C7;
			productRefGroup = 0961F89622A4BFC300F804C7 /* Products */;
			projectDirPath = "";
			projectRoot = "";
			targets = (
				0961F89422A4BFC300F804C7 /* testfwstatic */,
				0961F89D22A4BFC300F804C7 /* testfwstaticTests */,
				09EA78E222AA09F800B2D688 /* sQQTests */,
				09EA78ED22AA09F800B2D688 /* sQQUITests */,
				0948954E23348A0300802E2D /* fwbundle */,
			);
		};
/* End PBXProject section */

/* Begin PBXResourcesBuildPhase section */
		0948954D23348A0300802E2D /* Resources */ = {
			isa = PBXResourcesBuildPhase;
			buildActionMask = 2147483647;
			files = (
				0948955923348A5F00802E2D /* b.jpg in Resources */,
			);
			runOnlyForDeploymentPostprocessing = 0;
		};
		0961F89322A4BFC300F804C7 /* Resources */ = {
			isa = PBXResourcesBuildPhase;
			buildActionMask = 2147483647;
			files = (
				0948955D23348B5500802E2D /* fwbundle.bundle in Resources */,
			);
			runOnlyForDeploymentPostprocessing = 0;
		};
		0961F89C22A4BFC300F804C7 /* Resources */ = {
			isa = PBXResourcesBuildPhase;
			buildActionMask = 2147483647;
			files = (
			);
			runOnlyForDeploymentPostprocessing = 0;
		};
		09EA78E122AA09F800B2D688 /* Resources */ = {
			isa = PBXResourcesBuildPhase;
			buildActionMask = 2147483647;
			files = (
			);
			runOnlyForDeploymentPostprocessing = 0;
		};
		09EA78EC22AA09F800B2D688 /* Resources */ = {
			isa = PBXResourcesBuildPhase;
			buildActionMask = 2147483647;
			files = (
			);
			runOnlyForDeploymentPostprocessing = 0;
		};
/* End PBXResourcesBuildPhase section */

/* Begin PBXSourcesBuildPhase section */
		0948954B23348A0300802E2D /* Sources */ = {
			isa = PBXSourcesBuildPhase;
			buildActionMask = 2147483647;
			files = (
			);
			runOnlyForDeploymentPostprocessing = 0;
		};
		0961F89122A4BFC300F804C7 /* Sources */ = {
			isa = PBXSourcesBuildPhase;
			buildActionMask = 2147483647;
			files = (
				09F8246622A4F5FE008D48DF /* testFWStatic.m in Sources */,
			);
			runOnlyForDeploymentPostprocessing = 0;
		};
		0961F89A22A4BFC300F804C7 /* Sources */ = {
			isa = PBXSourcesBuildPhase;
			buildActionMask = 2147483647;
			files = (
				0961F8A422A4BFC300F804C7 /* testfwstaticTests.m in Sources */,
			);
			runOnlyForDeploymentPostprocessing = 0;
		};
		09EA78DF22AA09F800B2D688 /* Sources */ = {
			isa = PBXSourcesBuildPhase;
			buildActionMask = 2147483647;
			files = (
			);
			runOnlyForDeploymentPostprocessing = 0;
		};
		09EA78EA22AA09F800B2D688 /* Sources */ = {
			isa = PBXSourcesBuildPhase;
			buildActionMask = 2147483647;
			files = (
			);
			runOnlyForDeploymentPostprocessing = 0;
		};
/* End PBXSourcesBuildPhase section */

/* Begin PBXTargetDependency section */
		0961F8A122A4BFC300F804C7 /* PBXTargetDependency */ = {
			isa = PBXTargetDependency;
			target = 0961F89422A4BFC300F804C7 /* testfwstatic */;
			targetProxy = 0961F8A022A4BFC300F804C7 /* PBXContainerItemProxy */;
		};
/* End PBXTargetDependency section */

/* Begin XCBuildConfiguration section */
		0948955323348A0300802E2D /* Debug */ = {
			isa = XCBuildConfiguration;
			buildSettings = {
				CODE_SIGN_STYLE = Automatic;
				COMBINE_HIDPI_IMAGES = YES;
				DEVELOPMENT_TEAM = 65T72LT3SH;
				INFOPLIST_FILE = fwbundle/Info.plist;
				INSTALL_PATH = "$(LOCAL_LIBRARY_DIR)/Bundles";
				MACOSX_DEPLOYMENT_TARGET = 10.14;
				PRODUCT_BUNDLE_IDENTIFIER = qq.fwbundle;
				PRODUCT_NAME = "$(TARGET_NAME)";
				SDKROOT = macosx;
				SKIP_INSTALL = YES;
				WRAPPER_EXTENSION = bundle;
			};
			name = Debug;
		};
		0948955423348A0300802E2D /* Release */ = {
			isa = XCBuildConfiguration;
			buildSettings = {
				CODE_SIGN_STYLE = Automatic;
				COMBINE_HIDPI_IMAGES = YES;
				DEVELOPMENT_TEAM = 65T72LT3SH;
				INFOPLIST_FILE = fwbundle/Info.plist;
				INSTALL_PATH = "$(LOCAL_LIBRARY_DIR)/Bundles";
				MACOSX_DEPLOYMENT_TARGET = 10.14;
				PRODUCT_BUNDLE_IDENTIFIER = qq.fwbundle;
				PRODUCT_NAME = "$(TARGET_NAME)";
				SDKROOT = macosx;
				SKIP_INSTALL = YES;
				WRAPPER_EXTENSION = bundle;
			};
			name = Release;
		};
		0961F8A722A4BFC300F804C7 /* Debug */ = {
			isa = XCBuildConfiguration;
			buildSettings = {
				ALWAYS_SEARCH_USER_PATHS = NO;
				CLANG_ANALYZER_NONNULL = YES;
				CLANG_ANALYZER_NUMBER_OBJECT_CONVERSION = YES_AGGRESSIVE;
				CLANG_CXX_LANGUAGE_STANDARD = "gnu++14";
				CLANG_CXX_LIBRARY = "libc++";
				CLANG_ENABLE_MODULES = YES;
				CLANG_ENABLE_OBJC_ARC = YES;
				CLANG_ENABLE_OBJC_WEAK = YES;
				CLANG_WARN_BLOCK_CAPTURE_AUTORELEASING = YES;
				CLANG_WARN_BOOL_CONVERSION = YES;
				CLANG_WARN_COMMA = YES;
				CLANG_WARN_CONSTANT_CONVERSION = YES;
				CLANG_WARN_DEPRECATED_OBJC_IMPLEMENTATIONS = YES;
				CLANG_WARN_DIRECT_OBJC_ISA_USAGE = YES_ERROR;
				CLANG_WARN_DOCUMENTATION_COMMENTS = YES;
				CLANG_WARN_EMPTY_BODY = YES;
				CLANG_WARN_ENUM_CONVERSION = YES;
				CLANG_WARN_INFINITE_RECURSION = YES;
				CLANG_WARN_INT_CONVERSION = YES;
				CLANG_WARN_NON_LITERAL_NULL_CONVERSION = YES;
				CLANG_WARN_OBJC_IMPLICIT_RETAIN_SELF = YES;
				CLANG_WARN_OBJC_LITERAL_CONVERSION = YES;
				CLANG_WARN_OBJC_ROOT_CLASS = YES_ERROR;
				CLANG_WARN_RANGE_LOOP_ANALYSIS = YES;
				CLANG_WARN_STRICT_PROTOTYPES = YES;
				CLANG_WARN_SUSPICIOUS_MOVE = YES;
				CLANG_WARN_UNGUARDED_AVAILABILITY = YES_AGGRESSIVE;
				CLANG_WARN_UNREACHABLE_CODE = YES;
				CLANG_WARN__DUPLICATE_METHOD_MATCH = YES;
				CODE_SIGN_IDENTITY = "iPhone Developer";
				COPY_PHASE_STRIP = NO;
				CURRENT_PROJECT_VERSION = 1;
				DEBUG_INFORMATION_FORMAT = dwarf;
				ENABLE_STRICT_OBJC_MSGSEND = YES;
				ENABLE_TESTABILITY = YES;
				GCC_C_LANGUAGE_STANDARD = gnu11;
				GCC_DYNAMIC_NO_PIC = NO;
				GCC_NO_COMMON_BLOCKS = YES;
				GCC_OPTIMIZATION_LEVEL = 0;
				GCC_PREPROCESSOR_DEFINITIONS = (
					"DEBUG=1",
					"$(inherited)",
				);
				GCC_WARN_64_TO_32_BIT_CONVERSION = YES;
				GCC_WARN_ABOUT_RETURN_TYPE = YES_ERROR;
				GCC_WARN_UNDECLARED_SELECTOR = YES;
				GCC_WARN_UNINITIALIZED_AUTOS = YES_AGGRESSIVE;
				GCC_WARN_UNUSED_FUNCTION = YES;
				GCC_WARN_UNUSED_VARIABLE = YES;
				IPHONEOS_DEPLOYMENT_TARGET = 12.2;
				MTL_ENABLE_DEBUG_INFO = INCLUDE_SOURCE;
				MTL_FAST_MATH = YES;
				ONLY_ACTIVE_ARCH = YES;
				SDKROOT = iphoneos;
				VERSIONING_SYSTEM = "apple-generic";
				VERSION_INFO_PREFIX = "";
			};
			name = Debug;
		};
		0961F8A822A4BFC300F804C7 /* Release */ = {
			isa = XCBuildConfiguration;
			buildSettings = {
				ALWAYS_SEARCH_USER_PATHS = NO;
				CLANG_ANALYZER_NONNULL = YES;
				CLANG_ANALYZER_NUMBER_OBJECT_CONVERSION = YES_AGGRESSIVE;
				CLANG_CXX_LANGUAGE_STANDARD = "gnu++14";
				CLANG_CXX_LIBRARY = "libc++";
				CLANG_ENABLE_MODULES = YES;
				CLANG_ENABLE_OBJC_ARC = YES;
				CLANG_ENABLE_OBJC_WEAK = YES;
				CLANG_WARN_BLOCK_CAPTURE_AUTORELEASING = YES;
				CLANG_WARN_BOOL_CONVERSION = YES;
				CLANG_WARN_COMMA = YES;
				CLANG_WARN_CONSTANT_CONVERSION = YES;
				CLANG_WARN_DEPRECATED_OBJC_IMPLEMENTATIONS = YES;
				CLANG_WARN_DIRECT_OBJC_ISA_USAGE = YES_ERROR;
				CLANG_WARN_DOCUMENTATION_COMMENTS = YES;
				CLANG_WARN_EMPTY_BODY = YES;
				CLANG_WARN_ENUM_CONVERSION = YES;
				CLANG_WARN_INFINITE_RECURSION = YES;
				CLANG_WARN_INT_CONVERSION = YES;
				CLANG_WARN_NON_LITERAL_NULL_CONVERSION = YES;
				CLANG_WARN_OBJC_IMPLICIT_RETAIN_SELF = YES;
				CLANG_WARN_OBJC_LITERAL_CONVERSION = YES;
				CLANG_WARN_OBJC_ROOT_CLASS = YES_ERROR;
				CLANG_WARN_RANGE_LOOP_ANALYSIS = YES;
				CLANG_WARN_STRICT_PROTOTYPES = YES;
				CLANG_WARN_SUSPICIOUS_MOVE = YES;
				CLANG_WARN_UNGUARDED_AVAILABILITY = YES_AGGRESSIVE;
				CLANG_WARN_UNREACHABLE_CODE = YES;
				CLANG_WARN__DUPLICATE_METHOD_MATCH = YES;
				CODE_SIGN_IDENTITY = "iPhone Developer";
				COPY_PHASE_STRIP = NO;
				CURRENT_PROJECT_VERSION = 1;
				DEBUG_INFORMATION_FORMAT = "dwarf-with-dsym";
				ENABLE_NS_ASSERTIONS = NO;
				ENABLE_STRICT_OBJC_MSGSEND = YES;
				GCC_C_LANGUAGE_STANDARD = gnu11;
				GCC_NO_COMMON_BLOCKS = YES;
				GCC_WARN_64_TO_32_BIT_CONVERSION = YES;
				GCC_WARN_ABOUT_RETURN_TYPE = YES_ERROR;
				GCC_WARN_UNDECLARED_SELECTOR = YES;
				GCC_WARN_UNINITIALIZED_AUTOS = YES_AGGRESSIVE;
				GCC_WARN_UNUSED_FUNCTION = YES;
				GCC_WARN_UNUSED_VARIABLE = YES;
				IPHONEOS_DEPLOYMENT_TARGET = 12.2;
				MTL_ENABLE_DEBUG_INFO = NO;
				MTL_FAST_MATH = YES;
				SDKROOT = iphoneos;
				VALIDATE_PRODUCT = YES;
				VERSIONING_SYSTEM = "apple-generic";
				VERSION_INFO_PREFIX = "";
			};
			name = Release;
		};
		0961F8AA22A4BFC300F804C7 /* Debug */ = {
			isa = XCBuildConfiguration;
			buildSettings = {
				CODE_SIGN_IDENTITY = "";
				CODE_SIGN_STYLE = Automatic;
				DEFINES_MODULE = YES;
				DEVELOPMENT_TEAM = 65T72LT3SH;
				DYLIB_COMPATIBILITY_VERSION = 1;
				DYLIB_CURRENT_VERSION = 1;
				DYLIB_INSTALL_NAME_BASE = "@rpath";
				INFOPLIST_FILE = testfwstatic/Info.plist;
				INSTALL_PATH = "$(LOCAL_LIBRARY_DIR)/Frameworks";
				LD_RUNPATH_SEARCH_PATHS = (
					"$(inherited)",
					"@executable_path/Frameworks",
					"@loader_path/Frameworks",
				);
				MACH_O_TYPE = staticlib;
				ONLY_ACTIVE_ARCH = NO;
				PRODUCT_BUNDLE_IDENTIFIER = cj.test.oi.testfwstatic;
				PRODUCT_NAME = "$(TARGET_NAME:c99extidentifier)";
				SKIP_INSTALL = YES;
				TARGETED_DEVICE_FAMILY = "1,2";
			};
			name = Debug;
		};
		0961F8AB22A4BFC300F804C7 /* Release */ = {
			isa = XCBuildConfiguration;
			buildSettings = {
				CODE_SIGN_IDENTITY = "";
				CODE_SIGN_STYLE = Automatic;
				DEFINES_MODULE = YES;
				DEVELOPMENT_TEAM = 65T72LT3SH;
				DYLIB_COMPATIBILITY_VERSION = 1;
				DYLIB_CURRENT_VERSION = 1;
				DYLIB_INSTALL_NAME_BASE = "@rpath";
				INFOPLIST_FILE = testfwstatic/Info.plist;
				INSTALL_PATH = "$(LOCAL_LIBRARY_DIR)/Frameworks";
				LD_RUNPATH_SEARCH_PATHS = (
					"$(inherited)",
					"@executable_path/Frameworks",
					"@loader_path/Frameworks",
				);
				MACH_O_TYPE = staticlib;
				PRODUCT_BUNDLE_IDENTIFIER = cj.test.oi.testfwstatic;
				PRODUCT_NAME = "$(TARGET_NAME:c99extidentifier)";
				SKIP_INSTALL = YES;
				TARGETED_DEVICE_FAMILY = "1,2";
			};
			name = Release;
		};
		0961F8AD22A4BFC300F804C7 /* Debug */ = {
			isa = XCBuildConfiguration;
			buildSettings = {
				CODE_SIGN_STYLE = Automatic;
				DEVELOPMENT_TEAM = 65T72LT3SH;
				INFOPLIST_FILE = testfwstaticTests/Info.plist;
				LD_RUNPATH_SEARCH_PATHS = (
					"$(inherited)",
					"@executable_path/Frameworks",
					"@loader_path/Frameworks",
				);
				PRODUCT_BUNDLE_IDENTIFIER = cj.test.oi.testfwstaticTests;
				PRODUCT_NAME = "$(TARGET_NAME)";
				TARGETED_DEVICE_FAMILY = "1,2";
			};
			name = Debug;
		};
		0961F8AE22A4BFC300F804C7 /* Release */ = {
			isa = XCBuildConfiguration;
			buildSettings = {
				CODE_SIGN_STYLE = Automatic;
				DEVELOPMENT_TEAM = 65T72LT3SH;
				INFOPLIST_FILE = testfwstaticTests/Info.plist;
				LD_RUNPATH_SEARCH_PATHS = (
					"$(inherited)",
					"@executable_path/Frameworks",
					"@loader_path/Frameworks",
				);
				PRODUCT_BUNDLE_IDENTIFIER = cj.test.oi.testfwstaticTests;
				PRODUCT_NAME = "$(TARGET_NAME)";
				TARGETED_DEVICE_FAMILY = "1,2";
			};
			name = Release;
		};
		09EA78F722AA09F800B2D688 /* Debug */ = {
			isa = XCBuildConfiguration;
			buildSettings = {
				BUNDLE_LOADER = "$(TEST_HOST)";
				CODE_SIGN_STYLE = Automatic;
				DEVELOPMENT_TEAM = 65T72LT3SH;
				INFOPLIST_FILE = sQQTests/Info.plist;
				LD_RUNPATH_SEARCH_PATHS = (
					"$(inherited)",
					"@executable_path/Frameworks",
					"@loader_path/Frameworks",
				);
				PRODUCT_BUNDLE_IDENTIFIER = cj.test.oi.sQQTests;
				PRODUCT_NAME = "$(TARGET_NAME)";
				TARGETED_DEVICE_FAMILY = "1,2";
				TEST_HOST = "$(BUILT_PRODUCTS_DIR)/sQQ.app/sQQ";
			};
			name = Debug;
		};
		09EA78F822AA09F800B2D688 /* Release */ = {
			isa = XCBuildConfiguration;
			buildSettings = {
				BUNDLE_LOADER = "$(TEST_HOST)";
				CODE_SIGN_STYLE = Automatic;
				DEVELOPMENT_TEAM = 65T72LT3SH;
				INFOPLIST_FILE = sQQTests/Info.plist;
				LD_RUNPATH_SEARCH_PATHS = (
					"$(inherited)",
					"@executable_path/Frameworks",
					"@loader_path/Frameworks",
				);
				PRODUCT_BUNDLE_IDENTIFIER = cj.test.oi.sQQTests;
				PRODUCT_NAME = "$(TARGET_NAME)";
				TARGETED_DEVICE_FAMILY = "1,2";
				TEST_HOST = "$(BUILT_PRODUCTS_DIR)/sQQ.app/sQQ";
			};
			name = Release;
		};
		09EA78F922AA09F800B2D688 /* Debug */ = {
			isa = XCBuildConfiguration;
			buildSettings = {
				CODE_SIGN_STYLE = Automatic;
				DEVELOPMENT_TEAM = 65T72LT3SH;
				INFOPLIST_FILE = sQQUITests/Info.plist;
				LD_RUNPATH_SEARCH_PATHS = (
					"$(inherited)",
					"@executable_path/Frameworks",
					"@loader_path/Frameworks",
				);
				PRODUCT_BUNDLE_IDENTIFIER = cj.test.oi.sQQUITests;
				PRODUCT_NAME = "$(TARGET_NAME)";
				TARGETED_DEVICE_FAMILY = "1,2";
				TEST_TARGET_NAME = sQQ;
			};
			name = Debug;
		};
		09EA78FA22AA09F800B2D688 /* Release */ = {
			isa = XCBuildConfiguration;
			buildSettings = {
				CODE_SIGN_STYLE = Automatic;
				DEVELOPMENT_TEAM = 65T72LT3SH;
				INFOPLIST_FILE = sQQUITests/Info.plist;
				LD_RUNPATH_SEARCH_PATHS = (
					"$(inherited)",
					"@executable_path/Frameworks",
					"@loader_path/Frameworks",
				);
				PRODUCT_BUNDLE_IDENTIFIER = cj.test.oi.sQQUITests;
				PRODUCT_NAME = "$(TARGET_NAME)";
				TARGETED_DEVICE_FAMILY = "1,2";
				TEST_TARGET_NAME = sQQ;
			};
			name = Release;
		};
/* End XCBuildConfiguration section */

/* Begin XCConfigurationList section */
		0948955223348A0300802E2D /* Build configuration list for PBXNativeTarget "fwbundle" */ = {
			isa = XCConfigurationList;
			buildConfigurations = (
				0948955323348A0300802E2D /* Debug */,
				0948955423348A0300802E2D /* Release */,
			);
			defaultConfigurationIsVisible = 0;
			defaultConfigurationName = Release;
		};
		0961F88F22A4BFC300F804C7 /* Build configuration list for PBXProject "testfwstatic" */ = {
			isa = XCConfigurationList;
			buildConfigurations = (
				0961F8A722A4BFC300F804C7 /* Debug */,
				0961F8A822A4BFC300F804C7 /* Release */,
			);
			defaultConfigurationIsVisible = 0;
			defaultConfigurationName = Release;
		};
		0961F8A922A4BFC300F804C7 /* Build configuration list for PBXNativeTarget "testfwstatic" */ = {
			isa = XCConfigurationList;
			buildConfigurations = (
				0961F8AA22A4BFC300F804C7 /* Debug */,
				0961F8AB22A4BFC300F804C7 /* Release */,
			);
			defaultConfigurationIsVisible = 0;
			defaultConfigurationName = Release;
		};
		0961F8AC22A4BFC300F804C7 /* Build configuration list for PBXNativeTarget "testfwstaticTests" */ = {
			isa = XCConfigurationList;
			buildConfigurations = (
				0961F8AD22A4BFC300F804C7 /* Debug */,
				0961F8AE22A4BFC300F804C7 /* Release */,
			);
			defaultConfigurationIsVisible = 0;
			defaultConfigurationName = Release;
		};
		09EA78FC22AA09F800B2D688 /* Build configuration list for PBXNativeTarget "sQQTests" */ = {
			isa = XCConfigurationList;
			buildConfigurations = (
				09EA78F722AA09F800B2D688 /* Debug */,
				09EA78F822AA09F800B2D688 /* Release */,
			);
			defaultConfigurationIsVisible = 0;
			defaultConfigurationName = Release;
		};
		09EA78FD22AA09F800B2D688 /* Build configuration list for PBXNativeTarget "sQQUITests" */ = {
			isa = XCConfigurationList;
			buildConfigurations = (
				09EA78F922AA09F800B2D688 /* Debug */,
				09EA78FA22AA09F800B2D688 /* Release */,
			);
			defaultConfigurationIsVisible = 0;
			defaultConfigurationName = Release;
		};
/* End XCConfigurationList section */
	};
	rootObject = 0961F88C22A4BFC300F804C7 /* Project object */;
}
